
Microsoft Visual Studio Solution File, Format Version 12.00
# Visual Studio Version 17
VisualStudioVersion = 17.1.32421.90
MinimumVisualStudioVersion = 10.0.40219.1
Project("{FAE04EC0-301F-11D3-BF4B-00C04F79EFBC}") = "Shopping Online", "Shopping Online\Shopping Online.csproj", "{61440F99-097D-42DF-81FE-32C86080F8BA}"
EndProject
Global
	GlobalSection(SolutionConfigurationPlatforms) = preSolution
		Debug|Any CPU = Debug|Any CPU
		Release|Any CPU = Release|Any CPU
	EndGlobalSection
	GlobalSection(ProjectConfigurationPlatforms) = postSolution
		{61440F99-097D-42DF-81FE-32C86080F8BA}.Debug|Any CPU.ActiveCfg = Debug|Any CPU
		{61440F99-097D-42DF-81FE-32C86080F8BA}.Debug|Any CPU.Build.0 = Debug|Any CPU
		{61440F99-097D-42DF-81FE-32C86080F8BA}.Release|Any CPU.ActiveCfg = Release|Any CPU
		{61440F99-097D-42DF-81FE-32C86080F8BA}.Release|Any CPU.Build.0 = Release|Any CPU
	EndGlobalSection
	GlobalSection(SolutionProperties) = preSolution
		HideSolutionNode = FALSE
	EndGlobalSection
	GlobalSection(ExtensibilityGlobals) = postSolution
		SolutionGuid = {96A83DF5-1B70-4FCA-8616-DF152BFFFF6C}
	EndGlobalSection
EndGlobal
